
Microsoft Visual Studio Solution File, Format Version 12.00
# Visual Studio 15
VisualStudioVersion = 15.0.27428.2015
MinimumVisualStudioVersion = 10.0.40219.1
Project("{FAE04EC0-301F-11D3-BF4B-00C04F79EFBC}") = "SampleHttpServer", "SampleHttpServer\SampleHttpServer.csproj", "{F0A7963F-D89D-48C4-9332-C8C97AAFDE14}"
EndProject
Global
	GlobalSection(SolutionConfigurationPlatforms) = preSolution
		Debug|Any CPU = Debug|Any CPU
		Release|Any CPU = Release|Any CPU
	EndGlobalSection
	GlobalSection(ProjectConfigurationPlatforms) = postSolution
		{F0A7963F-D89D-48C4-9332-C8C97AAFDE14}.Debug|Any CPU.ActiveCfg = Debug|Any CPU
		{F0A7963F-D89D-48C4-9332-C8C97AAFDE14}.Debug|Any CPU.Build.0 = Debug|Any CPU
		{F0A7963F-D89D-48C4-9332-C8C97AAFDE14}.Release|Any CPU.ActiveCfg = Release|Any CPU
		{F0A7963F-D89D-48C4-9332-C8C97AAFDE14}.Release|Any CPU.Build.0 = Release|Any CPU
	EndGlobalSection
	GlobalSection(SolutionProperties) = preSolution
		HideSolutionNode = FALSE
	EndGlobalSection
	GlobalSection(ExtensibilityGlobals) = postSolution
		SolutionGuid = {BB8DD09B-6FE8-48F6-9B5D-84EE3C01D38E}
	EndGlobalSection
EndGlobal
